{
  "version": "5",
  "specifiers": {
    "jsr:@std/dotenv@~0.225.3": "0.225.4"
  },
  "jsr": {
    "@std/dotenv@0.225.4": {
      "integrity": "2a672c2b192abe535dcfea1ae89f219ee3979af6aad7d185cb19206ee9bc5caf"
    }
  },
  "workspace": {
    "dependencies": [
      "jsr:@std/dotenv@~0.225.3"
    ]
  }
}
